// !$*UTF8*$!
{
	archiveVersion = 1;
	classes = {
	};
	objectVersion = 77;
	objects = {

/* Begin PBXBuildFile section */
		FAB2E8EC2FCAE50200878BF5 /* EssentialFeedMobile.framework in Frameworks */ = {isa = PBXBuildFile; fileRef = FAB2E8E92FCAE50200878BF5 /* EssentialFeedMobile.framework */; };
		FAB2E8ED2FCAE50200878BF5 /* EssentialFeedMobile.framework in Embed Frameworks */ = {isa = PBXBuildFile; fileRef = FAB2E8E92FCAE50200878BF5 /* EssentialFeedMobile.framework */; settings = {ATTRIBUTES = (CodeSignOnCopy, RemoveHeadersOnCopy, ); }; };
		FAB2E8F32FCAE61400878BF5 /* EssentialFeed.framework in Frameworks */ = {isa = PBXBuildFile; fileRef = FAB2E8F12FCAE60C00878BF5 /* EssentialFeed.framework */; };
		FAB2E8F42FCAE61400878BF5 /* EssentialFeed.framework in Embed Frameworks */ = {isa = PBXBuildFile; fileRef = FAB2E8F12FCAE60C00878BF5 /* EssentialFeed.framework */; settings = {ATTRIBUTES = (CodeSignOnCopy, RemoveHeadersOnCopy, ); }; };
/* End PBXBuildFile section */

/* Begin PBXContainerItemProxy section */
		FABFD7412F08D40F000D6D19 /* PBXContainerItemProxy */ = {
			isa = PBXContainerItemProxy;
			containerPortal = FABFD7222F08D40E000D6D19 /* Project object */;
			proxyType = 1;
			remoteGlobalIDString = FABFD7292F08D40E000D6D19;
			remoteInfo = EssentialAppCaseStudy;
		};
/* End PBXContainerItemProxy section */

/* Begin PBXCopyFilesBuildPhase section */
		FAB2E8EE2FCAE50200878BF5 /* Embed Frameworks */ = {
			isa = PBXCopyFilesBuildPhase;
			buildActionMask = 2147483647;
			dstPath = "";
			dstSubfolderSpec = 10;
			files = (
				FAB2E8ED2FCAE50200878BF5 /* EssentialFeedMobile.framework in Embed Frameworks */,
				FAB2E8F42FCAE61400878BF5 /* EssentialFeed.framework in Embed Frameworks */,
			);
			name = "Embed Frameworks";
			runOnlyForDeploymentPostprocessing = 0;
		};
/* End PBXCopyFilesBuildPhase section */

/* Begin PBXFileReference section */
		FAB2E8E92FCAE50200878BF5 /* EssentialFeedMobile.framework */ = {isa = PBXFileReference; explicitFileType = wrapper.framework; path = EssentialFeedMobile.framework; sourceTree = BUILT_PRODUCTS_DIR; };
		FAB2E8F12FCAE60C00878BF5 /* EssentialFeed.framework */ = {isa = PBXFileReference; explicitFileType = wrapper.framework; path = EssentialFeed.framework; sourceTree = BUILT_PRODUCTS_DIR; };
		FABFD72A2F08D40E000D6D19 /* EssentialAppCaseStudy.app */ = {isa = PBXFileReference; explicitFileType = wrapper.application; includeInIndex = 0; path = EssentialAppCaseStudy.app; sourceTree = BUILT_PRODUCTS_DIR; };
		FABFD7402F08D40F000D6D19 /* EssentialAppCaseStudyTests.xctest */ = {isa = PBXFileReference; explicitFileType = wrapper.cfbundle; includeInIndex = 0; path = EssentialAppCaseStudyTests.xctest; sourceTree = BUILT_PRODUCTS_DIR; };
/* End PBXFileReference section */

/* Begin PBXFileSystemSynchronizedBuildFileExceptionSet section */
		FABFD7522F08D40F000D6D19 /* Exceptions for "EssentialAppCaseStudy" folder in "EssentialAppCaseStudy" target */ = {
			isa = PBXFileSystemSynchronizedBuildFileExceptionSet;
			membershipExceptions = (
				Info.plist,
			);
			target = FABFD7292F08D40E000D6D19 /* EssentialAppCaseStudy */;
		};
/* End PBXFileSystemSynchronizedBuildFileExceptionSet section */

/* Begin PBXFileSystemSynchronizedRootGroup section */
		FABFD72C2F08D40E000D6D19 /* EssentialAppCaseStudy */ = {
			isa = PBXFileSystemSynchronizedRootGroup;
			exceptions = (
				FABFD7522F08D40F000D6D19 /* Exceptions for "EssentialAppCaseStudy" folder in "EssentialAppCaseStudy" target */,
			);
			path = EssentialAppCaseStudy;
			sourceTree = "<group>";
		};
		FABFD7432F08D40F000D6D19 /* EssentialAppCaseStudyTests */ = {
			isa = PBXFileSystemSynchronizedRootGroup;
			path = EssentialAppCaseStudyTests;
			sourceTree = "<group>";
		};
		FAC46F402FA8798E002112EB /* Configuration */ = {
			isa = PBXFileSystemSynchronizedRootGroup;
			path = Configuration;
			sourceTree = "<group>";
		};
/* End PBXFileSystemSynchronizedRootGroup section */

/* Begin PBXFrameworksBuildPhase section */
		FABFD7272F08D40E000D6D19 /* Frameworks */ = {
			isa = PBXFrameworksBuildPhase;
			buildActionMask = 2147483647;
			files = (
				FAB2E8EC2FCAE50200878BF5 /* EssentialFeedMobile.framework in Frameworks */,
				FAB2E8F32FCAE61400878BF5 /* EssentialFeed.framework in Frameworks */,
			);
			runOnlyForDeploymentPostprocessing = 0;
		};
		FABFD73D2F08D40F000D6D19 /* Frameworks */ = {
			isa = PBXFrameworksBuildPhase;
			buildActionMask = 2147483647;
			files = (
			);
			runOnlyForDeploymentPostprocessing = 0;
		};
/* End PBXFrameworksBuildPhase section */

/* Begin PBXGroup section */
		FABFD7212F08D40E000D6D19 = {
			isa = PBXGroup;
			children = (
				FAC46F402FA8798E002112EB /* Configuration */,
				FABFD72C2F08D40E000D6D19 /* EssentialAppCaseStudy */,
				FABFD7432F08D40F000D6D19 /* EssentialAppCaseStudyTests */,
				FABFD7742F08D525000D6D19 /* Frameworks */,
				FABFD72B2F08D40E000D6D19 /* Products */,
			);
			sourceTree = "<group>";
		};
		FABFD72B2F08D40E000D6D19 /* Products */ = {
			isa = PBXGroup;
			children = (
				FABFD72A2F08D40E000D6D19 /* EssentialAppCaseStudy.app */,
				FABFD7402F08D40F000D6D19 /* EssentialAppCaseStudyTests.xctest */,
			);
			name = Products;
			sourceTree = "<group>";
		};
		FABFD7742F08D525000D6D19 /* Frameworks */ = {
			isa = PBXGroup;
			children = (
				FAB2E8F12FCAE60C00878BF5 /* EssentialFeed.framework */,
				FAB2E8E92FCAE50200878BF5 /* EssentialFeedMobile.framework */,
			);
			name = Frameworks;
			sourceTree = "<group>";
		};
/* End PBXGroup section */

/* Begin PBXNativeTarget section */
		FABFD7292F08D40E000D6D19 /* EssentialAppCaseStudy */ = {
			isa = PBXNativeTarget;
			buildConfigurationList = FABFD7532F08D40F000D6D19 /* Build configuration list for PBXNativeTarget "EssentialAppCaseStudy" */;
			buildPhases = (
				FABFD7262F08D40E000D6D19 /* Sources */,
				FABFD7272F08D40E000D6D19 /* Frameworks */,
				FABFD7282F08D40E000D6D19 /* Resources */,
				FAB2E8EE2FCAE50200878BF5 /* Embed Frameworks */,
			);
			buildRules = (
			);
			dependencies = (
			);
			fileSystemSynchronizedGroups = (
				FABFD72C2F08D40E000D6D19 /* EssentialAppCaseStudy */,
			);
			name = EssentialAppCaseStudy;
			packageProductDependencies = (
			);
			productName = EssentialAppCaseStudy;
			productReference = FABFD72A2F08D40E000D6D19 /* EssentialAppCaseStudy.app */;
			productType = "com.apple.product-type.application";
		};
		FABFD73F2F08D40F000D6D19 /* EssentialAppCaseStudyTests */ = {
			isa = PBXNativeTarget;
			buildConfigurationList = FABFD7582F08D40F000D6D19 /* Build configuration list for PBXNativeTarget "EssentialAppCaseStudyTests" */;
			buildPhases = (
				FABFD73C2F08D40F000D6D19 /* Sources */,
				FABFD73D2F08D40F000D6D19 /* Frameworks */,
				FABFD73E2F08D40F000D6D19 /* Resources */,
			);
			buildRules = (
			);
			dependencies = (
				FABFD7422F08D40F000D6D19 /* PBXTargetDependency */,
			);
			fileSystemSynchronizedGroups = (
				FABFD7432F08D40F000D6D19 /* EssentialAppCaseStudyTests */,
			);
			name = EssentialAppCaseStudyTests;
			packageProductDependencies = (
			);
			productName = EssentialAppCaseStudyTests;
			productReference = FABFD7402F08D40F000D6D19 /* EssentialAppCaseStudyTests.xctest */;
			productType = "com.apple.product-type.bundle.unit-test";
		};
/* End PBXNativeTarget section */

/* Begin PBXProject section */
		FABFD7222F08D40E000D6D19 /* Project object */ = {
			isa = PBXProject;
			attributes = {
				BuildIndependentTargetsInParallel = YES;
				LastSwiftUpdateCheck = 2620;
				LastUpgradeCheck = 2650;
				TargetAttributes = {
					FABFD7292F08D40E000D6D19 = {
						CreatedOnToolsVersion = 26.2;
					};
					FABFD73F2F08D40F000D6D19 = {
						CreatedOnToolsVersion = 26.2;
						TestTargetID = FABFD7292F08D40E000D6D19;
					};
				};
			};
			buildConfigurationList = FABFD7252F08D40E000D6D19 /* Build configuration list for PBXProject "EssentialAppCaseStudy" */;
			developmentRegion = en;
			hasScannedForEncodings = 0;
			knownRegions = (
				en,
				Base,
			);
			mainGroup = FABFD7212F08D40E000D6D19;
			minimizedProjectReferenceProxies = 1;
			preferredProjectObjectVersion = 77;
			productRefGroup = FABFD72B2F08D40E000D6D19 /* Products */;
			projectDirPath = "";
			projectRoot = "";
			targets = (
				FABFD7292F08D40E000D6D19 /* EssentialAppCaseStudy */,
				FABFD73F2F08D40F000D6D19 /* EssentialAppCaseStudyTests */,
			);
		};
/* End PBXProject section */

/* Begin PBXResourcesBuildPhase section */
		FABFD7282F08D40E000D6D19 /* Resources */ = {
			isa = PBXResourcesBuildPhase;
			buildActionMask = 2147483647;
			files = (
			);
			runOnlyForDeploymentPostprocessing = 0;
		};
		FABFD73E2F08D40F000D6D19 /* Resources */ = {
			isa = PBXResourcesBuildPhase;
			buildActionMask = 2147483647;
			files = (
			);
			runOnlyForDeploymentPostprocessing = 0;
		};
/* End PBXResourcesBuildPhase section */

/* Begin PBXSourcesBuildPhase section */
		FABFD7262F08D40E000D6D19 /* Sources */ = {
			isa = PBXSourcesBuildPhase;
			buildActionMask = 2147483647;
			files = (
			);
			runOnlyForDeploymentPostprocessing = 0;
		};
		FABFD73C2F08D40F000D6D19 /* Sources */ = {
			isa = PBXSourcesBuildPhase;
			buildActionMask = 2147483647;
			files = (
			);
			runOnlyForDeploymentPostprocessing = 0;
		};
/* End PBXSourcesBuildPhase section */

/* Begin PBXTargetDependency section */
		FABFD7422F08D40F000D6D19 /* PBXTargetDependency */ = {
			isa = PBXTargetDependency;
			target = FABFD7292F08D40E000D6D19 /* EssentialAppCaseStudy */;
			targetProxy = FABFD7412F08D40F000D6D19 /* PBXContainerItemProxy */;
		};
/* End PBXTargetDependency section */

/* Begin XCBuildConfiguration section */
		FA60F78A2F12E25D0096EB76 /* Automation */ = {
			isa = XCBuildConfiguration;
			baseConfigurationReferenceAnchor = FAC46F402FA8798E002112EB /* Configuration */;
			baseConfigurationReferenceRelativePath = Release.xcconfig;
			buildSettings = {
			};
			name = Automation;
		};
		FA60F78B2F12E25D0096EB76 /* Automation */ = {
			isa = XCBuildConfiguration;
			baseConfigurationReferenceAnchor = FAC46F402FA8798E002112EB /* Configuration */;
			baseConfigurationReferenceRelativePath = EssentialAppCaseStudyAutomation.xcconfig;
			buildSettings = {
			};
			name = Automation;
		};
		FA60F78C2F12E25D0096EB76 /* Automation */ = {
			isa = XCBuildConfiguration;
			baseConfigurationReferenceAnchor = FAC46F402FA8798E002112EB /* Configuration */;
			baseConfigurationReferenceRelativePath = EssentialAppCaseStudyTests.xcconfig;
			buildSettings = {
			};
			name = Automation;
		};
		FABFD7542F08D40F000D6D19 /* Debug */ = {
			isa = XCBuildConfiguration;
			baseConfigurationReferenceAnchor = FAC46F402FA8798E002112EB /* Configuration */;
			baseConfigurationReferenceRelativePath = EssentialAppCaseStudy.xcconfig;
			buildSettings = {
			};
			name = Debug;
		};
		FABFD7552F08D40F000D6D19 /* Release */ = {
			isa = XCBuildConfiguration;
			baseConfigurationReferenceAnchor = FAC46F402FA8798E002112EB /* Configuration */;
			baseConfigurationReferenceRelativePath = EssentialAppCaseStudy.xcconfig;
			buildSettings = {
			};
			name = Release;
		};
		FABFD7562F08D40F000D6D19 /* Debug */ = {
			isa = XCBuildConfiguration;
			baseConfigurationReferenceAnchor = FAC46F402FA8798E002112EB /* Configuration */;
			baseConfigurationReferenceRelativePath = Development.xcconfig;
			buildSettings = {
			};
			name = Debug;
		};
		FABFD7572F08D40F000D6D19 /* Release */ = {
			isa = XCBuildConfiguration;
			baseConfigurationReferenceAnchor = FAC46F402FA8798E002112EB /* Configuration */;
			baseConfigurationReferenceRelativePath = Release.xcconfig;
			buildSettings = {
			};
			name = Release;
		};
		FABFD7592F08D40F000D6D19 /* Debug */ = {
			isa = XCBuildConfiguration;
			baseConfigurationReferenceAnchor = FAC46F402FA8798E002112EB /* Configuration */;
			baseConfigurationReferenceRelativePath = EssentialAppCaseStudyTests.xcconfig;
			buildSettings = {
			};
			name = Debug;
		};
		FABFD75A2F08D40F000D6D19 /* Release */ = {
			isa = XCBuildConfiguration;
			baseConfigurationReferenceAnchor = FAC46F402FA8798E002112EB /* Configuration */;
			baseConfigurationReferenceRelativePath = EssentialAppCaseStudyTests.xcconfig;
			buildSettings = {
			};
			name = Release;
		};
/* End XCBuildConfiguration section */

/* Begin XCConfigurationList section */
		FABFD7252F08D40E000D6D19 /* Build configuration list for PBXProject "EssentialAppCaseStudy" */ = {
			isa = XCConfigurationList;
			buildConfigurations = (
				FABFD7562F08D40F000D6D19 /* Debug */,
				FABFD7572F08D40F000D6D19 /* Release */,
				FA60F78A2F12E25D0096EB76 /* Automation */,
			);
			defaultConfigurationIsVisible = 0;
			defaultConfigurationName = Release;
		};
		FABFD7532F08D40F000D6D19 /* Build configuration list for PBXNativeTarget "EssentialAppCaseStudy" */ = {
			isa = XCConfigurationList;
			buildConfigurations = (
				FABFD7542F08D40F000D6D19 /* Debug */,
				FABFD7552F08D40F000D6D19 /* Release */,
				FA60F78B2F12E25D0096EB76 /* Automation */,
			);
			defaultConfigurationIsVisible = 0;
			defaultConfigurationName = Release;
		};
		FABFD7582F08D40F000D6D19 /* Build configuration list for PBXNativeTarget "EssentialAppCaseStudyTests" */ = {
			isa = XCConfigurationList;
			buildConfigurations = (
				FABFD7592F08D40F000D6D19 /* Debug */,
				FABFD75A2F08D40F000D6D19 /* Release */,
				FA60F78C2F12E25D0096EB76 /* Automation */,
			);
			defaultConfigurationIsVisible = 0;
			defaultConfigurationName = Release;
		};
/* End XCConfigurationList section */
	};
	rootObject = FABFD7222F08D40E000D6D19 /* Project object */;
}
