// !$*UTF8*$!
{
	archiveVersion = 1;
	classes = {
	};
	objectVersion = 77;
	objects = {

/* Begin PBXFileReference section */
		FADAEDAB2EFE670D00EDEA27 /* Prototype.app */ = {isa = PBXFileReference; explicitFileType = wrapper.application; includeInIndex = 0; path = Prototype.app; sourceTree = BUILT_PRODUCTS_DIR; };
/* End PBXFileReference section */

/* Begin PBXFileSystemSynchronizedBuildFileExceptionSet section */
		FADAEDBD2EFE670F00EDEA27 /* Exceptions for "Prototype" folder in "Prototype" target */ = {
			isa = PBXFileSystemSynchronizedBuildFileExceptionSet;
			membershipExceptions = (
				Info.plist,
			);
			target = FADAEDAA2EFE670D00EDEA27 /* Prototype */;
		};
/* End PBXFileSystemSynchronizedBuildFileExceptionSet section */

/* Begin PBXFileSystemSynchronizedRootGroup section */
		FADAEDAD2EFE670D00EDEA27 /* Prototype */ = {
			isa = PBXFileSystemSynchronizedRootGroup;
			exceptions = (
				FADAEDBD2EFE670F00EDEA27 /* Exceptions for "Prototype" folder in "Prototype" target */,
			);
			path = Prototype;
			sourceTree = "<group>";
		};
/* End PBXFileSystemSynchronizedRootGroup section */

/* Begin PBXFrameworksBuildPhase section */
		FADAEDA82EFE670D00EDEA27 /* Frameworks */ = {
			isa = PBXFrameworksBuildPhase;
			buildActionMask = 2147483647;
			files = (
			);
			runOnlyForDeploymentPostprocessing = 0;
		};
/* End PBXFrameworksBuildPhase section */

/* Begin PBXGroup section */
		FADAEDA22EFE670D00EDEA27 = {
			isa = PBXGroup;
			children = (
				FADAEDAD2EFE670D00EDEA27 /* Prototype */,
				FADAEDAC2EFE670D00EDEA27 /* Products */,
			);
			sourceTree = "<group>";
		};
		FADAEDAC2EFE670D00EDEA27 /* Products */ = {
			isa = PBXGroup;
			children = (
				FADAEDAB2EFE670D00EDEA27 /* Prototype.app */,
			);
			name = Products;
			sourceTree = "<group>";
		};
/* End PBXGroup section */

/* Begin PBXNativeTarget section */
		FADAEDAA2EFE670D00EDEA27 /* Prototype */ = {
			isa = PBXNativeTarget;
			buildConfigurationList = FADAEDBE2EFE670F00EDEA27 /* Build configuration list for PBXNativeTarget "Prototype" */;
			buildPhases = (
				FADAEDA72EFE670D00EDEA27 /* Sources */,
				FADAEDA82EFE670D00EDEA27 /* Frameworks */,
				FADAEDA92EFE670D00EDEA27 /* Resources */,
			);
			buildRules = (
			);
			dependencies = (
			);
			fileSystemSynchronizedGroups = (
				FADAEDAD2EFE670D00EDEA27 /* Prototype */,
			);
			name = Prototype;
			packageProductDependencies = (
			);
			productName = Prototype;
			productReference = FADAEDAB2EFE670D00EDEA27 /* Prototype.app */;
			productType = "com.apple.product-type.application";
		};
/* End PBXNativeTarget section */

/* Begin PBXProject section */
		FADAEDA32EFE670D00EDEA27 /* Project object */ = {
			isa = PBXProject;
			attributes = {
				BuildIndependentTargetsInParallel = 1;
				LastSwiftUpdateCheck = 2620;
				LastUpgradeCheck = 2620;
				TargetAttributes = {
					FADAEDAA2EFE670D00EDEA27 = {
						CreatedOnToolsVersion = 26.2;
					};
				};
			};
			buildConfigurationList = FADAEDA62EFE670D00EDEA27 /* Build configuration list for PBXProject "Prototype" */;
			developmentRegion = en;
			hasScannedForEncodings = 0;
			knownRegions = (
				en,
				Base,
			);
			mainGroup = FADAEDA22EFE670D00EDEA27;
			minimizedProjectReferenceProxies = 1;
			preferredProjectObjectVersion = 77;
			productRefGroup = FADAEDAC2EFE670D00EDEA27 /* Products */;
			projectDirPath = "";
			projectRoot = "";
			targets = (
				FADAEDAA2EFE670D00EDEA27 /* Prototype */,
			);
		};
/* End PBXProject section */

/* Begin PBXResourcesBuildPhase section */
		FADAEDA92EFE670D00EDEA27 /* Resources */ = {
			isa = PBXResourcesBuildPhase;
			buildActionMask = 2147483647;
			files = (
			);
			runOnlyForDeploymentPostprocessing = 0;
		};
/* End PBXResourcesBuildPhase section */

/* Begin PBXSourcesBuildPhase section */
		FADAEDA72EFE670D00EDEA27 /* Sources */ = {
			isa = PBXSourcesBuildPhase;
			buildActionMask = 2147483647;
			files = (
			);
			runOnlyForDeploymentPostprocessing = 0;
		};
/* End PBXSourcesBuildPhase section */

/* Begin XCBuildConfiguration section */
		FADAEDBF2EFE670F00EDEA27 /* Debug */ = {
			isa = XCBuildConfiguration;
			baseConfigurationReferenceAnchor = FADAEDAD2EFE670D00EDEA27 /* Prototype */;
			baseConfigurationReferenceRelativePath = Configuration/Prototype.xcconfig;
			buildSettings = {
			};
			name = Debug;
		};
		FADAEDC02EFE670F00EDEA27 /* Release */ = {
			isa = XCBuildConfiguration;
			baseConfigurationReferenceAnchor = FADAEDAD2EFE670D00EDEA27 /* Prototype */;
			baseConfigurationReferenceRelativePath = Configuration/Prototype.xcconfig;
			buildSettings = {
			};
			name = Release;
		};
		FADAEDC12EFE670F00EDEA27 /* Debug */ = {
			isa = XCBuildConfiguration;
			baseConfigurationReferenceAnchor = FADAEDAD2EFE670D00EDEA27 /* Prototype */;
			baseConfigurationReferenceRelativePath = Configuration/Development.xcconfig;
			buildSettings = {
			};
			name = Debug;
		};
		FADAEDC22EFE670F00EDEA27 /* Release */ = {
			isa = XCBuildConfiguration;
			baseConfigurationReferenceAnchor = FADAEDAD2EFE670D00EDEA27 /* Prototype */;
			baseConfigurationReferenceRelativePath = Configuration/Release.xcconfig;
			buildSettings = {
			};
			name = Release;
		};
/* End XCBuildConfiguration section */

/* Begin XCConfigurationList section */
		FADAEDA62EFE670D00EDEA27 /* Build configuration list for PBXProject "Prototype" */ = {
			isa = XCConfigurationList;
			buildConfigurations = (
				FADAEDC12EFE670F00EDEA27 /* Debug */,
				FADAEDC22EFE670F00EDEA27 /* Release */,
			);
			defaultConfigurationIsVisible = 0;
			defaultConfigurationName = Release;
		};
		FADAEDBE2EFE670F00EDEA27 /* Build configuration list for PBXNativeTarget "Prototype" */ = {
			isa = XCConfigurationList;
			buildConfigurations = (
				FADAEDBF2EFE670F00EDEA27 /* Debug */,
				FADAEDC02EFE670F00EDEA27 /* Release */,
			);
			defaultConfigurationIsVisible = 0;
			defaultConfigurationName = Release;
		};
/* End XCConfigurationList section */
	};
	rootObject = FADAEDA32EFE670D00EDEA27 /* Project object */;
}
